{
  "version": 4,
  "terraform_version": "0.13.5",
  "serial": 26,
  "lineage": "b2d4bdc8-29da-535f-a55f-290139510fa3",
  "outputs": {},
  "resources": [
    {
      "module": "module.s3_data_reverser",
      "mode": "data",
      "type": "archive_file",
      "name": "my_lambda_function",
      "provider": "provider[\"registry.terraform.io/hashicorp/archive\"]",
      "instances": [
        {
          "schema_version": 0,
          "attributes": {
            "excludes": null,
            "id": "0a670186783464aac43b588d9a1d9244a69f6f78",
            "output_base64sha256": "+gf3bwvqIfuTNFLyE8YT3eDc7c6svC7bVPy33NVGdxY=",
            "output_md5": "8d0116b556b2c5d4a3632d05e443e354",
            "output_path": "../../../lambda/s3_copy_reversed_data_function.zip",
            "output_sha": "0a670186783464aac43b588d9a1d9244a69f6f78",
            "output_size": 1544,
            "source": [],
            "source_content": null,
            "source_content_filename": null,
            "source_dir": "../../../lambda",
            "source_file": null,
            "type": "zip"
          }
        }
      ]
    },
    {
      "module": "module.s3_data_reverser",
      "mode": "managed",
      "type": "aws_dynamodb_table",
      "name": "terraform_locks",
      "provider": "provider[\"registry.terraform.io/hashicorp/aws\"]",
      "instances": [
        {
          "schema_version": 1,
          "attributes": {
            "arn": "arn:aws:dynamodb:eu-central-1:381239467690:table/terraform-locks",
            "attribute": [
              {
                "name": "LockID",
                "type": "S"
              }
            ],
            "billing_mode": "PAY_PER_REQUEST",
            "global_secondary_index": [],
            "hash_key": "LockID",
            "id": "terraform-locks",
            "local_secondary_index": [],
            "name": "terraform-locks",
            "point_in_time_recovery": [
              {
                "enabled": false
              }
            ],
            "range_key": null,
            "read_capacity": 0,
            "replica": [],
            "server_side_encryption": [],
            "stream_arn": "",
            "stream_enabled": false,
            "stream_label": "",
            "stream_view_type": "",
            "tags": {},
            "timeouts": {
              "create": null,
              "delete": null,
              "update": null
            },
            "ttl": [
              {
                "attribute_name": "",
                "enabled": false
              }
            ],
            "write_capacity": 0
          },
          "private": "eyJlMmJmYjczMC1lY2FhLTExZTYtOGY4OC0zNDM2M2JjN2M0YzAiOnsiY3JlYXRlIjo2MDAwMDAwMDAwMDAsImRlbGV0ZSI6NjAwMDAwMDAwMDAwLCJ1cGRhdGUiOjM2MDAwMDAwMDAwMDB9LCJzY2hlbWFfdmVyc2lvbiI6IjEifQ=="
        }
      ]
    },
    {
      "module": "module.s3_data_reverser",
      "mode": "managed",
      "type": "aws_iam_policy",
      "name": "lambda_policy",
      "provider": "provider[\"registry.terraform.io/hashicorp/aws\"]",
      "instances": [
        {
          "schema_version": 0,
          "attributes": {
            "arn": "arn:aws:iam::381239467690:policy/demo_lambda_policy",
            "description": "demo_lambda_policy",
            "id": "arn:aws:iam::381239467690:policy/demo_lambda_policy",
            "name": "demo_lambda_policy",
            "name_prefix": null,
            "path": "/",
            "policy": "{\n  \"Version\": \"2012-10-17\",\n  \"Statement\": [\n    {\n      \"Action\": [\n        \"s3:ListBucket\",\n        \"s3:GetObject\",\n        \"s3:CopyObject\",\n        \"s3:HeadObject\"\n      ],\n      \"Effect\": \"Allow\",\n      \"Resource\": [\n        \"arn:aws:s3:::databucket58366\",\n        \"arn:aws:s3:::databucket58366/*\"\n      ]\n    },\n    {\n      \"Action\": [\n        \"s3:ListBucket\",\n        \"s3:PutObject\",\n        \"s3:PutObjectAcl\",\n        \"s3:CopyObject\",\n        \"s3:HeadObject\"\n      ],\n      \"Effect\": \"Allow\",\n      \"Resource\": [\n        \"arn:aws:s3:::reversebucket58366\",\n        \"arn:aws:s3:::reversebucket58366/*\"\n      ]\n    },\n    {\n      \"Action\": [\n        \"logs:CreateLogGroup\",\n        \"logs:CreateLogStream\",\n        \"logs:PutLogEvents\"\n      ],\n      \"Effect\": \"Allow\",\n      \"Resource\": \"*\"\n    }\n  ]\n}\n"
          },
          "private": "bnVsbA=="
        }
      ]
    },
    {
      "module": "module.s3_data_reverser",
      "mode": "managed",
      "type": "aws_iam_role",
      "name": "s3_copy_function",
      "provider": "provider[\"registry.terraform.io/hashicorp/aws\"]",
      "instances": [
        {
          "schema_version": 0,
          "attributes": {
            "arn": "arn:aws:iam::381239467690:role/app_demo_lambda",
            "assume_role_policy": "{\"Version\":\"2012-10-17\",\"Statement\":[{\"Effect\":\"Allow\",\"Principal\":{\"Service\":\"lambda.amazonaws.com\"},\"Action\":\"sts:AssumeRole\"}]}",
            "create_date": "2020-11-23T18:30:50Z",
            "description": "",
            "force_detach_policies": false,
            "id": "app_demo_lambda",
            "max_session_duration": 3600,
            "name": "app_demo_lambda",
            "name_prefix": null,
            "path": "/",
            "permissions_boundary": null,
            "tags": {},
            "unique_id": "AROAVRQ5ET2VL7HIMSIYK"
          },
          "private": "bnVsbA=="
        }
      ]
    },
    {
      "module": "module.s3_data_reverser",
      "mode": "managed",
      "type": "aws_iam_role_policy_attachment",
      "name": "terraform_lambda_iam_policy_basic_execution",
      "provider": "provider[\"registry.terraform.io/hashicorp/aws\"]",
      "instances": [
        {
          "schema_version": 0,
          "attributes": {
            "id": "app_demo_lambda-20201123183052104400000001",
            "policy_arn": "arn:aws:iam::381239467690:policy/demo_lambda_policy",
            "role": "app_demo_lambda"
          },
          "private": "bnVsbA==",
          "dependencies": [
            "module.s3_data_reverser.aws_iam_policy.lambda_policy",
            "module.s3_data_reverser.aws_iam_role.s3_copy_function"
          ]
        }
      ]
    },
    {
      "module": "module.s3_data_reverser",
      "mode": "managed",
      "type": "aws_lambda_function",
      "name": "s3_copy_reversed_data_function",
      "provider": "provider[\"registry.terraform.io/hashicorp/aws\"]",
      "instances": [
        {
          "schema_version": 0,
          "attributes": {
            "arn": "arn:aws:lambda:eu-central-1:381239467690:function:s3_copy_reversed_data_lambda",
            "dead_letter_config": [],
            "description": "",
            "environment": [
              {
                "variables": {
                  "DST_BUCKET": "reversebucket58366",
                  "REGION": "eu-central-1"
                }
              }
            ],
            "file_system_config": [],
            "filename": "../../../lambda/s3_copy_reversed_data_function.zip",
            "function_name": "s3_copy_reversed_data_lambda",
            "handler": "s3_copy_reversed_data_lambda.handler",
            "id": "s3_copy_reversed_data_lambda",
            "invoke_arn": "arn:aws:apigateway:eu-central-1:lambda:path/2015-03-31/functions/arn:aws:lambda:eu-central-1:381239467690:function:s3_copy_reversed_data_lambda/invocations",
            "kms_key_arn": "",
            "last_modified": "2020-11-23T18:33:58.096+0000",
            "layers": null,
            "memory_size": 128,
            "publish": false,
            "qualified_arn": "arn:aws:lambda:eu-central-1:381239467690:function:s3_copy_reversed_data_lambda:$LATEST",
            "reserved_concurrent_executions": -1,
            "role": "arn:aws:iam::381239467690:role/app_demo_lambda",
            "runtime": "python3.7",
            "s3_bucket": null,
            "s3_key": null,
            "s3_object_version": null,
            "source_code_hash": "+gf3bwvqIfuTNFLyE8YT3eDc7c6svC7bVPy33NVGdxY=",
            "source_code_size": 1544,
            "tags": {
              "Name": "s3_copy_reversed_data_function"
            },
            "timeout": 3,
            "timeouts": null,
            "tracing_config": [
              {
                "mode": "PassThrough"
              }
            ],
            "version": "$LATEST",
            "vpc_config": []
          },
          "private": "eyJlMmJmYjczMC1lY2FhLTExZTYtOGY4OC0zNDM2M2JjN2M0YzAiOnsiY3JlYXRlIjo2MDAwMDAwMDAwMDB9fQ==",
          "dependencies": [
            "module.s3_data_reverser.aws_iam_role.s3_copy_function",
            "module.s3_data_reverser.aws_s3_bucket.reverseDataBucket",
            "module.s3_data_reverser.data.archive_file.my_lambda_function"
          ]
        }
      ]
    },
    {
      "module": "module.s3_data_reverser",
      "mode": "managed",
      "type": "aws_lambda_permission",
      "name": "allow_terraform_bucket",
      "provider": "provider[\"registry.terraform.io/hashicorp/aws\"]",
      "instances": [
        {
          "schema_version": 0,
          "attributes": {
            "action": "lambda:InvokeFunction",
            "event_source_token": null,
            "function_name": "arn:aws:lambda:eu-central-1:381239467690:function:s3_copy_reversed_data_lambda",
            "id": "AllowExecutionFromS3Bucket",
            "principal": "s3.amazonaws.com",
            "qualifier": "",
            "source_account": null,
            "source_arn": "arn:aws:s3:::databucket58366",
            "statement_id": "AllowExecutionFromS3Bucket",
            "statement_id_prefix": null
          },
          "private": "bnVsbA==",
          "dependencies": [
            "module.s3_data_reverser.aws_iam_role.s3_copy_function",
            "module.s3_data_reverser.aws_lambda_function.s3_copy_reversed_data_function",
            "module.s3_data_reverser.aws_s3_bucket.dataBucket",
            "module.s3_data_reverser.aws_s3_bucket.reverseDataBucket",
            "module.s3_data_reverser.data.archive_file.my_lambda_function"
          ]
        }
      ]
    },
    {
      "module": "module.s3_data_reverser",
      "mode": "managed",
      "type": "aws_s3_bucket",
      "name": "dataBucket",
      "provider": "provider[\"registry.terraform.io/hashicorp/aws\"]",
      "instances": [
        {
          "schema_version": 0,
          "attributes": {
            "acceleration_status": "",
            "acl": "private",
            "arn": "arn:aws:s3:::databucket58366",
            "bucket": "databucket58366",
            "bucket_domain_name": "databucket58366.s3.amazonaws.com",
            "bucket_prefix": null,
            "bucket_regional_domain_name": "databucket58366.s3.eu-central-1.amazonaws.com",
            "cors_rule": [],
            "force_destroy": false,
            "grant": [],
            "hosted_zone_id": "Z21DNDUVLTQW6Q",
            "id": "databucket58366",
            "lifecycle_rule": [],
            "logging": [],
            "object_lock_configuration": [],
            "policy": null,
            "region": "eu-central-1",
            "replication_configuration": [],
            "request_payer": "BucketOwner",
            "server_side_encryption_configuration": [
              {
                "rule": [
                  {
                    "apply_server_side_encryption_by_default": [
                      {
                        "kms_master_key_id": "",
                        "sse_algorithm": "AES256"
                      }
                    ]
                  }
                ]
              }
            ],
            "tags": {},
            "versioning": [
              {
                "enabled": true,
                "mfa_delete": false
              }
            ],
            "website": [],
            "website_domain": null,
            "website_endpoint": null
          },
          "private": "bnVsbA=="
        }
      ]
    },
    {
      "module": "module.s3_data_reverser",
      "mode": "managed",
      "type": "aws_s3_bucket",
      "name": "reverseDataBucket",
      "provider": "provider[\"registry.terraform.io/hashicorp/aws\"]",
      "instances": [
        {
          "schema_version": 0,
          "attributes": {
            "acceleration_status": "",
            "acl": "private",
            "arn": "arn:aws:s3:::reversebucket58366",
            "bucket": "reversebucket58366",
            "bucket_domain_name": "reversebucket58366.s3.amazonaws.com",
            "bucket_prefix": null,
            "bucket_regional_domain_name": "reversebucket58366.s3.eu-central-1.amazonaws.com",
            "cors_rule": [],
            "force_destroy": false,
            "grant": [],
            "hosted_zone_id": "Z21DNDUVLTQW6Q",
            "id": "reversebucket58366",
            "lifecycle_rule": [],
            "logging": [],
            "object_lock_configuration": [],
            "policy": null,
            "region": "eu-central-1",
            "replication_configuration": [],
            "request_payer": "BucketOwner",
            "server_side_encryption_configuration": [
              {
                "rule": [
                  {
                    "apply_server_side_encryption_by_default": [
                      {
                        "kms_master_key_id": "",
                        "sse_algorithm": "AES256"
                      }
                    ]
                  }
                ]
              }
            ],
            "tags": {},
            "versioning": [
              {
                "enabled": true,
                "mfa_delete": false
              }
            ],
            "website": [],
            "website_domain": null,
            "website_endpoint": null
          },
          "private": "bnVsbA=="
        }
      ]
    },
    {
      "module": "module.s3_data_reverser",
      "mode": "managed",
      "type": "aws_s3_bucket",
      "name": "terraform_state",
      "provider": "provider[\"registry.terraform.io/hashicorp/aws\"]",
      "instances": [
        {
          "schema_version": 0,
          "attributes": {
            "acceleration_status": "",
            "acl": "private",
            "arn": "arn:aws:s3:::terraformstatebucket58366",
            "bucket": "terraformstatebucket58366",
            "bucket_domain_name": "terraformstatebucket58366.s3.amazonaws.com",
            "bucket_prefix": null,
            "bucket_regional_domain_name": "terraformstatebucket58366.s3.eu-central-1.amazonaws.com",
            "cors_rule": [],
            "force_destroy": false,
            "grant": [],
            "hosted_zone_id": "Z21DNDUVLTQW6Q",
            "id": "terraformstatebucket58366",
            "lifecycle_rule": [],
            "logging": [],
            "object_lock_configuration": [],
            "policy": null,
            "region": "eu-central-1",
            "replication_configuration": [],
            "request_payer": "BucketOwner",
            "server_side_encryption_configuration": [
              {
                "rule": [
                  {
                    "apply_server_side_encryption_by_default": [
                      {
                        "kms_master_key_id": "",
                        "sse_algorithm": "AES256"
                      }
                    ]
                  }
                ]
              }
            ],
            "tags": {},
            "versioning": [
              {
                "enabled": true,
                "mfa_delete": false
              }
            ],
            "website": [],
            "website_domain": null,
            "website_endpoint": null
          },
          "private": "bnVsbA=="
        }
      ]
    },
    {
      "module": "module.s3_data_reverser",
      "mode": "managed",
      "type": "aws_s3_bucket_notification",
      "name": "bucket_terraform_notification",
      "provider": "provider[\"registry.terraform.io/hashicorp/aws\"]",
      "instances": [
        {
          "schema_version": 0,
          "attributes": {
            "bucket": "databucket58366",
            "id": "databucket58366",
            "lambda_function": [
              {
                "events": [
                  "s3:ObjectCreated:*"
                ],
                "filter_prefix": "",
                "filter_suffix": "",
                "id": "tf-s3-lambda-20201123183403941800000001",
                "lambda_function_arn": "arn:aws:lambda:eu-central-1:381239467690:function:s3_copy_reversed_data_lambda"
              }
            ],
            "queue": [],
            "topic": []
          },
          "private": "bnVsbA==",
          "dependencies": [
            "module.s3_data_reverser.aws_iam_role.s3_copy_function",
            "module.s3_data_reverser.aws_lambda_function.s3_copy_reversed_data_function",
            "module.s3_data_reverser.aws_lambda_permission.allow_terraform_bucket",
            "module.s3_data_reverser.aws_s3_bucket.dataBucket",
            "module.s3_data_reverser.aws_s3_bucket.reverseDataBucket",
            "module.s3_data_reverser.data.archive_file.my_lambda_function"
          ]
        }
      ]
    }
  ]
}
